
Microsoft Visual Studio Solution File, Format Version 12.00
# Visual Studio Version 16
VisualStudioVersion = 16.0.31605.320
MinimumVisualStudioVersion = 10.0.40219.1
Project("{9A19103F-16F7-4668-BE54-9A1E7A4F7556}") = "ShoppingList2021", "ShoppingList2021\ShoppingList2021.csproj", "{F6840E5F-DA11-4E0E-AA24-DF3294EF4EFF}"
EndProject
Project("{FAE04EC0-301F-11D3-BF4B-00C04F79EFBC}") = "ShoppingList2021.Android", "ShoppingList2021.Android\ShoppingList2021.Android.csproj", "{D560DC79-3B67-4CC8-A751-13F6ED9A0D1E}"
EndProject
Project("{FAE04EC0-301F-11D3-BF4B-00C04F79EFBC}") = "ShoppingList2021.iOS", "ShoppingList2021.iOS\ShoppingList2021.iOS.csproj", "{E49BCF46-4129-4FAB-9BE6-20CB2E8E1C00}"
EndProject
Project("{9A19103F-16F7-4668-BE54-9A1E7A4F7556}") = "ShoppingList2021.Wpf", "ShoppingList2021.Wpf\ShoppingList2021.Wpf.csproj", "{775980BB-CF39-46F1-B772-0108A73C322D}"
EndProject
Project("{2150E333-8FDC-42A3-9474-1A3956D46DE8}") = "Application", "Application", "{80B3178F-9142-4A8F-A95C-32ACF7088447}"
EndProject
Project("{2150E333-8FDC-42A3-9474-1A3956D46DE8}") = "Core", "Core", "{DC38AA29-06A6-473B-A68D-C5822C9598F6}"
EndProject
Project("{9A19103F-16F7-4668-BE54-9A1E7A4F7556}") = "ShoppingList2021.Core.Types", "ShoppingList2021.Core.Types\ShoppingList2021.Core.Types.csproj", "{06382DCB-88BD-484D-940C-6DCA89152A68}"
EndProject
Project("{FAE04EC0-301F-11D3-BF4B-00C04F79EFBC}") = "ShoppingList2021.Core.Android", "ShoppingList2021.Core.Android\ShoppingList2021.Core.Android.csproj", "{F7FC1900-A6E3-40AF-954C-90E303F6CC71}"
EndProject
Project("{FAE04EC0-301F-11D3-BF4B-00C04F79EFBC}") = "ShoppingList2021.Core.iOS", "ShoppingList2021.Core.iOS\ShoppingList2021.Core.iOS.csproj", "{8D644FB1-0E6A-42D6-BE53-D71D0763145B}"
EndProject
Project("{9A19103F-16F7-4668-BE54-9A1E7A4F7556}") = "ShoppingList2021.Core.WinDesktop", "ShoppingList2021.Core.WinDesktop\ShoppingList2021.Core.WinDesktop.csproj", "{5EA4868B-96DC-4971-A091-694D56A507E1}"
EndProject
Project("{2150E333-8FDC-42A3-9474-1A3956D46DE8}") = "Database", "Database", "{9BD8CCCA-34F4-4E41-BF3C-73523594F8FA}"
EndProject
Project("{9A19103F-16F7-4668-BE54-9A1E7A4F7556}") = "ShoppingList2021.Database.Types", "ShoppingList2021.Database.Types\ShoppingList2021.Database.Types.csproj", "{4554A745-7D95-439D-8A6B-CA4883938687}"
EndProject
Project("{9A19103F-16F7-4668-BE54-9A1E7A4F7556}") = "ShoppingList2021.Database", "ShoppingList2021.Database\ShoppingList2021.Database.csproj", "{5A45E1AE-493B-4C38-B08C-7BBF30DBA048}"
EndProject
Project("{9A19103F-16F7-4668-BE54-9A1E7A4F7556}") = "DatabaseMigrationHelper", "DataBaseMigrationHelper\DatabaseMigrationHelper.csproj", "{626D9F61-59BF-45AE-AFFB-5437BF86867D}"
EndProject
Project("{D954291E-2A0B-460D-934E-DC6B0785DB48}") = "ShoppingList2021.Shared", "ShoppingList2021.Shared\ShoppingList2021.Shared.shproj", "{86C5B437-3C18-4370-92C5-BD60499475C5}"
EndProject
Project("{FAE04EC0-301F-11D3-BF4B-00C04F79EFBC}") = "ShoppingList2021.Core", "ShoppingList2021.Core\ShoppingList2021.Core.csproj", "{B15B4778-E460-480B-B9EB-74B7CA174AE1}"
EndProject
Global
	GlobalSection(SharedMSBuildProjectFiles) = preSolution
		ShoppingList2021.Shared\ShoppingList2021.Shared.projitems*{775980bb-cf39-46f1-b772-0108a73c322d}*SharedItemsImports = 5
		ShoppingList2021.Shared\ShoppingList2021.Shared.projitems*{86c5b437-3c18-4370-92c5-bd60499475c5}*SharedItemsImports = 13
		ShoppingList2021.Shared\ShoppingList2021.Shared.projitems*{d560dc79-3b67-4cc8-a751-13f6ed9a0d1e}*SharedItemsImports = 4
		ShoppingList2021.Shared\ShoppingList2021.Shared.projitems*{e49bcf46-4129-4fab-9be6-20cb2e8e1c00}*SharedItemsImports = 4
	EndGlobalSection
	GlobalSection(SolutionConfigurationPlatforms) = preSolution
		Ad-Hoc|Any CPU = Ad-Hoc|Any CPU
		Ad-Hoc|iPhone = Ad-Hoc|iPhone
		Ad-Hoc|iPhoneSimulator = Ad-Hoc|iPhoneSimulator
		AppStore|Any CPU = AppStore|Any CPU
		AppStore|iPhone = AppStore|iPhone
		AppStore|iPhoneSimulator = AppStore|iPhoneSimulator
		Debug|Any CPU = Debug|Any CPU
		Debug|iPhone = Debug|iPhone
		Debug|iPhoneSimulator = Debug|iPhoneSimulator
		Release|Any CPU = Release|Any CPU
		Release|iPhone = Release|iPhone
		Release|iPhoneSimulator = Release|iPhoneSimulator
	EndGlobalSection
	GlobalSection(ProjectConfigurationPlatforms) = postSolution
		{F6840E5F-DA11-4E0E-AA24-DF3294EF4EFF}.Ad-Hoc|Any CPU.ActiveCfg = Debug|Any CPU
		{F6840E5F-DA11-4E0E-AA24-DF3294EF4EFF}.Ad-Hoc|Any CPU.Build.0 = Debug|Any CPU
		{F6840E5F-DA11-4E0E-AA24-DF3294EF4EFF}.Ad-Hoc|iPhone.ActiveCfg = Debug|Any CPU
		{F6840E5F-DA11-4E0E-AA24-DF3294EF4EFF}.Ad-Hoc|iPhone.Build.0 = Debug|Any CPU
		{F6840E5F-DA11-4E0E-AA24-DF3294EF4EFF}.Ad-Hoc|iPhoneSimulator.ActiveCfg = Debug|Any CPU
		{F6840E5F-DA11-4E0E-AA24-DF3294EF4EFF}.Ad-Hoc|iPhoneSimulator.Build.0 = Debug|Any CPU
		{F6840E5F-DA11-4E0E-AA24-DF3294EF4EFF}.AppStore|Any CPU.ActiveCfg = Debug|Any CPU
		{F6840E5F-DA11-4E0E-AA24-DF3294EF4EFF}.AppStore|Any CPU.Build.0 = Debug|Any CPU
		{F6840E5F-DA11-4E0E-AA24-DF3294EF4EFF}.AppStore|iPhone.ActiveCfg = Debug|Any CPU
		{F6840E5F-DA11-4E0E-AA24-DF3294EF4EFF}.AppStore|iPhone.Build.0 = Debug|Any CPU
		{F6840E5F-DA11-4E0E-AA24-DF3294EF4EFF}.AppStore|iPhoneSimulator.ActiveCfg = Debug|Any CPU
		{F6840E5F-DA11-4E0E-AA24-DF3294EF4EFF}.AppStore|iPhoneSimulator.Build.0 = Debug|Any CPU
		{F6840E5F-DA11-4E0E-AA24-DF3294EF4EFF}.Debug|Any CPU.ActiveCfg = Debug|Any CPU
		{F6840E5F-DA11-4E0E-AA24-DF3294EF4EFF}.Debug|Any CPU.Build.0 = Debug|Any CPU
		{F6840E5F-DA11-4E0E-AA24-DF3294EF4EFF}.Debug|iPhone.ActiveCfg = Debug|Any CPU
		{F6840E5F-DA11-4E0E-AA24-DF3294EF4EFF}.Debug|iPhone.Build.0 = Debug|Any CPU
		{F6840E5F-DA11-4E0E-AA24-DF3294EF4EFF}.Debug|iPhoneSimulator.ActiveCfg = Debug|Any CPU
		{F6840E5F-DA11-4E0E-AA24-DF3294EF4EFF}.Debug|iPhoneSimulator.Build.0 = Debug|Any CPU
		{F6840E5F-DA11-4E0E-AA24-DF3294EF4EFF}.Release|Any CPU.ActiveCfg = Release|Any CPU
		{F6840E5F-DA11-4E0E-AA24-DF3294EF4EFF}.Release|Any CPU.Build.0 = Release|Any CPU
		{F6840E5F-DA11-4E0E-AA24-DF3294EF4EFF}.Release|iPhone.ActiveCfg = Release|Any CPU
		{F6840E5F-DA11-4E0E-AA24-DF3294EF4EFF}.Release|iPhone.Build.0 = Release|Any CPU
		{F6840E5F-DA11-4E0E-AA24-DF3294EF4EFF}.Release|iPhoneSimulator.ActiveCfg = Release|Any CPU
		{F6840E5F-DA11-4E0E-AA24-DF3294EF4EFF}.Release|iPhoneSimulator.Build.0 = Release|Any CPU
		{D560DC79-3B67-4CC8-A751-13F6ED9A0D1E}.Ad-Hoc|Any CPU.ActiveCfg = Debug|Any CPU
		{D560DC79-3B67-4CC8-A751-13F6ED9A0D1E}.Ad-Hoc|Any CPU.Build.0 = Debug|Any CPU
		{D560DC79-3B67-4CC8-A751-13F6ED9A0D1E}.Ad-Hoc|Any CPU.Deploy.0 = Debug|Any CPU
		{D560DC79-3B67-4CC8-A751-13F6ED9A0D1E}.Ad-Hoc|iPhone.ActiveCfg = Debug|Any CPU
		{D560DC79-3B67-4CC8-A751-13F6ED9A0D1E}.Ad-Hoc|iPhone.Build.0 = Debug|Any CPU
		{D560DC79-3B67-4CC8-A751-13F6ED9A0D1E}.Ad-Hoc|iPhone.Deploy.0 = Debug|Any CPU
		{D560DC79-3B67-4CC8-A751-13F6ED9A0D1E}.Ad-Hoc|iPhoneSimulator.ActiveCfg = Debug|Any CPU
		{D560DC79-3B67-4CC8-A751-13F6ED9A0D1E}.Ad-Hoc|iPhoneSimulator.Build.0 = Debug|Any CPU
		{D560DC79-3B67-4CC8-A751-13F6ED9A0D1E}.Ad-Hoc|iPhoneSimulator.Deploy.0 = Debug|Any CPU
		{D560DC79-3B67-4CC8-A751-13F6ED9A0D1E}.AppStore|Any CPU.ActiveCfg = Debug|Any CPU
		{D560DC79-3B67-4CC8-A751-13F6ED9A0D1E}.AppStore|Any CPU.Build.0 = Debug|Any CPU
		{D560DC79-3B67-4CC8-A751-13F6ED9A0D1E}.AppStore|Any CPU.Deploy.0 = Debug|Any CPU
		{D560DC79-3B67-4CC8-A751-13F6ED9A0D1E}.AppStore|iPhone.ActiveCfg = Debug|Any CPU
		{D560DC79-3B67-4CC8-A751-13F6ED9A0D1E}.AppStore|iPhone.Build.0 = Debug|Any CPU
		{D560DC79-3B67-4CC8-A751-13F6ED9A0D1E}.AppStore|iPhone.Deploy.0 = Debug|Any CPU
		{D560DC79-3B67-4CC8-A751-13F6ED9A0D1E}.AppStore|iPhoneSimulator.ActiveCfg = Debug|Any CPU
		{D560DC79-3B67-4CC8-A751-13F6ED9A0D1E}.AppStore|iPhoneSimulator.Build.0 = Debug|Any CPU
		{D560DC79-3B67-4CC8-A751-13F6ED9A0D1E}.AppStore|iPhoneSimulator.Deploy.0 = Debug|Any CPU
		{D560DC79-3B67-4CC8-A751-13F6ED9A0D1E}.Debug|Any CPU.ActiveCfg = Debug|Any CPU
		{D560DC79-3B67-4CC8-A751-13F6ED9A0D1E}.Debug|Any CPU.Build.0 = Debug|Any CPU
		{D560DC79-3B67-4CC8-A751-13F6ED9A0D1E}.Debug|Any CPU.Deploy.0 = Debug|Any CPU
		{D560DC79-3B67-4CC8-A751-13F6ED9A0D1E}.Debug|iPhone.ActiveCfg = Debug|Any CPU
		{D560DC79-3B67-4CC8-A751-13F6ED9A0D1E}.Debug|iPhone.Build.0 = Debug|Any CPU
		{D560DC79-3B67-4CC8-A751-13F6ED9A0D1E}.Debug|iPhone.Deploy.0 = Debug|Any CPU
		{D560DC79-3B67-4CC8-A751-13F6ED9A0D1E}.Debug|iPhoneSimulator.ActiveCfg = Debug|Any CPU
		{D560DC79-3B67-4CC8-A751-13F6ED9A0D1E}.Debug|iPhoneSimulator.Build.0 = Debug|Any CPU
		{D560DC79-3B67-4CC8-A751-13F6ED9A0D1E}.Debug|iPhoneSimulator.Deploy.0 = Debug|Any CPU
		{D560DC79-3B67-4CC8-A751-13F6ED9A0D1E}.Release|Any CPU.ActiveCfg = Release|Any CPU
		{D560DC79-3B67-4CC8-A751-13F6ED9A0D1E}.Release|Any CPU.Build.0 = Release|Any CPU
		{D560DC79-3B67-4CC8-A751-13F6ED9A0D1E}.Release|Any CPU.Deploy.0 = Release|Any CPU
		{D560DC79-3B67-4CC8-A751-13F6ED9A0D1E}.Release|iPhone.ActiveCfg = Release|Any CPU
		{D560DC79-3B67-4CC8-A751-13F6ED9A0D1E}.Release|iPhone.Build.0 = Release|Any CPU
		{D560DC79-3B67-4CC8-A751-13F6ED9A0D1E}.Release|iPhone.Deploy.0 = Release|Any CPU
		{D560DC79-3B67-4CC8-A751-13F6ED9A0D1E}.Release|iPhoneSimulator.ActiveCfg = Release|Any CPU
		{D560DC79-3B67-4CC8-A751-13F6ED9A0D1E}.Release|iPhoneSimulator.Build.0 = Release|Any CPU
		{D560DC79-3B67-4CC8-A751-13F6ED9A0D1E}.Release|iPhoneSimulator.Deploy.0 = Release|Any CPU
		{E49BCF46-4129-4FAB-9BE6-20CB2E8E1C00}.Ad-Hoc|Any CPU.ActiveCfg = Ad-Hoc|iPhoneSimulator
		{E49BCF46-4129-4FAB-9BE6-20CB2E8E1C00}.Ad-Hoc|iPhone.ActiveCfg = Ad-Hoc|iPhone
		{E49BCF46-4129-4FAB-9BE6-20CB2E8E1C00}.Ad-Hoc|iPhone.Build.0 = Ad-Hoc|iPhone
		{E49BCF46-4129-4FAB-9BE6-20CB2E8E1C00}.Ad-Hoc|iPhoneSimulator.ActiveCfg = Ad-Hoc|iPhoneSimulator
		{E49BCF46-4129-4FAB-9BE6-20CB2E8E1C00}.Ad-Hoc|iPhoneSimulator.Build.0 = Ad-Hoc|iPhoneSimulator
		{E49BCF46-4129-4FAB-9BE6-20CB2E8E1C00}.AppStore|Any CPU.ActiveCfg = AppStore|iPhoneSimulator
		{E49BCF46-4129-4FAB-9BE6-20CB2E8E1C00}.AppStore|iPhone.ActiveCfg = AppStore|iPhone
		{E49BCF46-4129-4FAB-9BE6-20CB2E8E1C00}.AppStore|iPhone.Build.0 = AppStore|iPhone
		{E49BCF46-4129-4FAB-9BE6-20CB2E8E1C00}.AppStore|iPhoneSimulator.ActiveCfg = AppStore|iPhoneSimulator
		{E49BCF46-4129-4FAB-9BE6-20CB2E8E1C00}.AppStore|iPhoneSimulator.Build.0 = AppStore|iPhoneSimulator
		{E49BCF46-4129-4FAB-9BE6-20CB2E8E1C00}.Debug|Any CPU.ActiveCfg = Debug|iPhoneSimulator
		{E49BCF46-4129-4FAB-9BE6-20CB2E8E1C00}.Debug|iPhone.ActiveCfg = Debug|iPhone
		{E49BCF46-4129-4FAB-9BE6-20CB2E8E1C00}.Debug|iPhone.Build.0 = Debug|iPhone
		{E49BCF46-4129-4FAB-9BE6-20CB2E8E1C00}.Debug|iPhone.Deploy.0 = Debug|iPhone
		{E49BCF46-4129-4FAB-9BE6-20CB2E8E1C00}.Debug|iPhoneSimulator.ActiveCfg = Debug|iPhoneSimulator
		{E49BCF46-4129-4FAB-9BE6-20CB2E8E1C00}.Debug|iPhoneSimulator.Build.0 = Debug|iPhoneSimulator
		{E49BCF46-4129-4FAB-9BE6-20CB2E8E1C00}.Release|Any CPU.ActiveCfg = Release|iPhoneSimulator
		{E49BCF46-4129-4FAB-9BE6-20CB2E8E1C00}.Release|iPhone.ActiveCfg = Release|iPhone
		{E49BCF46-4129-4FAB-9BE6-20CB2E8E1C00}.Release|iPhone.Build.0 = Release|iPhone
		{E49BCF46-4129-4FAB-9BE6-20CB2E8E1C00}.Release|iPhoneSimulator.ActiveCfg = Release|iPhoneSimulator
		{E49BCF46-4129-4FAB-9BE6-20CB2E8E1C00}.Release|iPhoneSimulator.Build.0 = Release|iPhoneSimulator
		{775980BB-CF39-46F1-B772-0108A73C322D}.Ad-Hoc|Any CPU.ActiveCfg = Debug|Any CPU
		{775980BB-CF39-46F1-B772-0108A73C322D}.Ad-Hoc|Any CPU.Build.0 = Debug|Any CPU
		{775980BB-CF39-46F1-B772-0108A73C322D}.Ad-Hoc|iPhone.ActiveCfg = Debug|Any CPU
		{775980BB-CF39-46F1-B772-0108A73C322D}.Ad-Hoc|iPhone.Build.0 = Debug|Any CPU
		{775980BB-CF39-46F1-B772-0108A73C322D}.Ad-Hoc|iPhoneSimulator.ActiveCfg = Debug|Any CPU
		{775980BB-CF39-46F1-B772-0108A73C322D}.Ad-Hoc|iPhoneSimulator.Build.0 = Debug|Any CPU
		{775980BB-CF39-46F1-B772-0108A73C322D}.AppStore|Any CPU.ActiveCfg = Debug|Any CPU
		{775980BB-CF39-46F1-B772-0108A73C322D}.AppStore|Any CPU.Build.0 = Debug|Any CPU
		{775980BB-CF39-46F1-B772-0108A73C322D}.AppStore|iPhone.ActiveCfg = Debug|Any CPU
		{775980BB-CF39-46F1-B772-0108A73C322D}.AppStore|iPhone.Build.0 = Debug|Any CPU
		{775980BB-CF39-46F1-B772-0108A73C322D}.AppStore|iPhoneSimulator.ActiveCfg = Debug|Any CPU
		{775980BB-CF39-46F1-B772-0108A73C322D}.AppStore|iPhoneSimulator.Build.0 = Debug|Any CPU
		{775980BB-CF39-46F1-B772-0108A73C322D}.Debug|Any CPU.ActiveCfg = Debug|Any CPU
		{775980BB-CF39-46F1-B772-0108A73C322D}.Debug|Any CPU.Build.0 = Debug|Any CPU
		{775980BB-CF39-46F1-B772-0108A73C322D}.Debug|iPhone.ActiveCfg = Debug|Any CPU
		{775980BB-CF39-46F1-B772-0108A73C322D}.Debug|iPhone.Build.0 = Debug|Any CPU
		{775980BB-CF39-46F1-B772-0108A73C322D}.Debug|iPhoneSimulator.ActiveCfg = Debug|Any CPU
		{775980BB-CF39-46F1-B772-0108A73C322D}.Debug|iPhoneSimulator.Build.0 = Debug|Any CPU
		{775980BB-CF39-46F1-B772-0108A73C322D}.Release|Any CPU.ActiveCfg = Release|Any CPU
		{775980BB-CF39-46F1-B772-0108A73C322D}.Release|Any CPU.Build.0 = Release|Any CPU
		{775980BB-CF39-46F1-B772-0108A73C322D}.Release|iPhone.ActiveCfg = Release|Any CPU
		{775980BB-CF39-46F1-B772-0108A73C322D}.Release|iPhone.Build.0 = Release|Any CPU
		{775980BB-CF39-46F1-B772-0108A73C322D}.Release|iPhoneSimulator.ActiveCfg = Release|Any CPU
		{775980BB-CF39-46F1-B772-0108A73C322D}.Release|iPhoneSimulator.Build.0 = Release|Any CPU
		{06382DCB-88BD-484D-940C-6DCA89152A68}.Ad-Hoc|Any CPU.ActiveCfg = Debug|Any CPU
		{06382DCB-88BD-484D-940C-6DCA89152A68}.Ad-Hoc|Any CPU.Build.0 = Debug|Any CPU
		{06382DCB-88BD-484D-940C-6DCA89152A68}.Ad-Hoc|iPhone.ActiveCfg = Debug|Any CPU
		{06382DCB-88BD-484D-940C-6DCA89152A68}.Ad-Hoc|iPhone.Build.0 = Debug|Any CPU
		{06382DCB-88BD-484D-940C-6DCA89152A68}.Ad-Hoc|iPhoneSimulator.ActiveCfg = Debug|Any CPU
		{06382DCB-88BD-484D-940C-6DCA89152A68}.Ad-Hoc|iPhoneSimulator.Build.0 = Debug|Any CPU
		{06382DCB-88BD-484D-940C-6DCA89152A68}.AppStore|Any CPU.ActiveCfg = Debug|Any CPU
		{06382DCB-88BD-484D-940C-6DCA89152A68}.AppStore|Any CPU.Build.0 = Debug|Any CPU
		{06382DCB-88BD-484D-940C-6DCA89152A68}.AppStore|iPhone.ActiveCfg = Debug|Any CPU
		{06382DCB-88BD-484D-940C-6DCA89152A68}.AppStore|iPhone.Build.0 = Debug|Any CPU
		{06382DCB-88BD-484D-940C-6DCA89152A68}.AppStore|iPhoneSimulator.ActiveCfg = Debug|Any CPU
		{06382DCB-88BD-484D-940C-6DCA89152A68}.AppStore|iPhoneSimulator.Build.0 = Debug|Any CPU
		{06382DCB-88BD-484D-940C-6DCA89152A68}.Debug|Any CPU.ActiveCfg = Debug|Any CPU
		{06382DCB-88BD-484D-940C-6DCA89152A68}.Debug|Any CPU.Build.0 = Debug|Any CPU
		{06382DCB-88BD-484D-940C-6DCA89152A68}.Debug|iPhone.ActiveCfg = Debug|Any CPU
		{06382DCB-88BD-484D-940C-6DCA89152A68}.Debug|iPhone.Build.0 = Debug|Any CPU
		{06382DCB-88BD-484D-940C-6DCA89152A68}.Debug|iPhoneSimulator.ActiveCfg = Debug|Any CPU
		{06382DCB-88BD-484D-940C-6DCA89152A68}.Debug|iPhoneSimulator.Build.0 = Debug|Any CPU
		{06382DCB-88BD-484D-940C-6DCA89152A68}.Release|Any CPU.ActiveCfg = Release|Any CPU
		{06382DCB-88BD-484D-940C-6DCA89152A68}.Release|Any CPU.Build.0 = Release|Any CPU
		{06382DCB-88BD-484D-940C-6DCA89152A68}.Release|iPhone.ActiveCfg = Release|Any CPU
		{06382DCB-88BD-484D-940C-6DCA89152A68}.Release|iPhone.Build.0 = Release|Any CPU
		{06382DCB-88BD-484D-940C-6DCA89152A68}.Release|iPhoneSimulator.ActiveCfg = Release|Any CPU
		{06382DCB-88BD-484D-940C-6DCA89152A68}.Release|iPhoneSimulator.Build.0 = Release|Any CPU
		{F7FC1900-A6E3-40AF-954C-90E303F6CC71}.Ad-Hoc|Any CPU.ActiveCfg = Debug|Any CPU
		{F7FC1900-A6E3-40AF-954C-90E303F6CC71}.Ad-Hoc|Any CPU.Build.0 = Debug|Any CPU
		{F7FC1900-A6E3-40AF-954C-90E303F6CC71}.Ad-Hoc|iPhone.ActiveCfg = Debug|Any CPU
		{F7FC1900-A6E3-40AF-954C-90E303F6CC71}.Ad-Hoc|iPhone.Build.0 = Debug|Any CPU
		{F7FC1900-A6E3-40AF-954C-90E303F6CC71}.Ad-Hoc|iPhoneSimulator.ActiveCfg = Debug|Any CPU
		{F7FC1900-A6E3-40AF-954C-90E303F6CC71}.Ad-Hoc|iPhoneSimulator.Build.0 = Debug|Any CPU
		{F7FC1900-A6E3-40AF-954C-90E303F6CC71}.AppStore|Any CPU.ActiveCfg = Debug|Any CPU
		{F7FC1900-A6E3-40AF-954C-90E303F6CC71}.AppStore|Any CPU.Build.0 = Debug|Any CPU
		{F7FC1900-A6E3-40AF-954C-90E303F6CC71}.AppStore|iPhone.ActiveCfg = Debug|Any CPU
		{F7FC1900-A6E3-40AF-954C-90E303F6CC71}.AppStore|iPhone.Build.0 = Debug|Any CPU
		{F7FC1900-A6E3-40AF-954C-90E303F6CC71}.AppStore|iPhoneSimulator.ActiveCfg = Debug|Any CPU
		{F7FC1900-A6E3-40AF-954C-90E303F6CC71}.AppStore|iPhoneSimulator.Build.0 = Debug|Any CPU
		{F7FC1900-A6E3-40AF-954C-90E303F6CC71}.Debug|Any CPU.ActiveCfg = Debug|Any CPU
		{F7FC1900-A6E3-40AF-954C-90E303F6CC71}.Debug|Any CPU.Build.0 = Debug|Any CPU
		{F7FC1900-A6E3-40AF-954C-90E303F6CC71}.Debug|iPhone.ActiveCfg = Debug|Any CPU
		{F7FC1900-A6E3-40AF-954C-90E303F6CC71}.Debug|iPhone.Build.0 = Debug|Any CPU
		{F7FC1900-A6E3-40AF-954C-90E303F6CC71}.Debug|iPhoneSimulator.ActiveCfg = Debug|Any CPU
		{F7FC1900-A6E3-40AF-954C-90E303F6CC71}.Debug|iPhoneSimulator.Build.0 = Debug|Any CPU
		{F7FC1900-A6E3-40AF-954C-90E303F6CC71}.Release|Any CPU.ActiveCfg = Release|Any CPU
		{F7FC1900-A6E3-40AF-954C-90E303F6CC71}.Release|Any CPU.Build.0 = Release|Any CPU
		{F7FC1900-A6E3-40AF-954C-90E303F6CC71}.Release|iPhone.ActiveCfg = Release|Any CPU
		{F7FC1900-A6E3-40AF-954C-90E303F6CC71}.Release|iPhone.Build.0 = Release|Any CPU
		{F7FC1900-A6E3-40AF-954C-90E303F6CC71}.Release|iPhoneSimulator.ActiveCfg = Release|Any CPU
		{F7FC1900-A6E3-40AF-954C-90E303F6CC71}.Release|iPhoneSimulator.Build.0 = Release|Any CPU
		{8D644FB1-0E6A-42D6-BE53-D71D0763145B}.Ad-Hoc|Any CPU.ActiveCfg = Debug|Any CPU
		{8D644FB1-0E6A-42D6-BE53-D71D0763145B}.Ad-Hoc|Any CPU.Build.0 = Debug|Any CPU
		{8D644FB1-0E6A-42D6-BE53-D71D0763145B}.Ad-Hoc|iPhone.ActiveCfg = Debug|Any CPU
		{8D644FB1-0E6A-42D6-BE53-D71D0763145B}.Ad-Hoc|iPhone.Build.0 = Debug|Any CPU
		{8D644FB1-0E6A-42D6-BE53-D71D0763145B}.Ad-Hoc|iPhoneSimulator.ActiveCfg = Debug|Any CPU
		{8D644FB1-0E6A-42D6-BE53-D71D0763145B}.Ad-Hoc|iPhoneSimulator.Build.0 = Debug|Any CPU
		{8D644FB1-0E6A-42D6-BE53-D71D0763145B}.AppStore|Any CPU.ActiveCfg = Debug|Any CPU
		{8D644FB1-0E6A-42D6-BE53-D71D0763145B}.AppStore|Any CPU.Build.0 = Debug|Any CPU
		{8D644FB1-0E6A-42D6-BE53-D71D0763145B}.AppStore|iPhone.ActiveCfg = Debug|Any CPU
		{8D644FB1-0E6A-42D6-BE53-D71D0763145B}.AppStore|iPhone.Build.0 = Debug|Any CPU
		{8D644FB1-0E6A-42D6-BE53-D71D0763145B}.AppStore|iPhoneSimulator.ActiveCfg = Debug|Any CPU
		{8D644FB1-0E6A-42D6-BE53-D71D0763145B}.AppStore|iPhoneSimulator.Build.0 = Debug|Any CPU
		{8D644FB1-0E6A-42D6-BE53-D71D0763145B}.Debug|Any CPU.ActiveCfg = Debug|Any CPU
		{8D644FB1-0E6A-42D6-BE53-D71D0763145B}.Debug|Any CPU.Build.0 = Debug|Any CPU
		{8D644FB1-0E6A-42D6-BE53-D71D0763145B}.Debug|iPhone.ActiveCfg = Debug|Any CPU
		{8D644FB1-0E6A-42D6-BE53-D71D0763145B}.Debug|iPhone.Build.0 = Debug|Any CPU
		{8D644FB1-0E6A-42D6-BE53-D71D0763145B}.Debug|iPhoneSimulator.ActiveCfg = Debug|Any CPU
		{8D644FB1-0E6A-42D6-BE53-D71D0763145B}.Debug|iPhoneSimulator.Build.0 = Debug|Any CPU
		{8D644FB1-0E6A-42D6-BE53-D71D0763145B}.Release|Any CPU.ActiveCfg = Release|Any CPU
		{8D644FB1-0E6A-42D6-BE53-D71D0763145B}.Release|Any CPU.Build.0 = Release|Any CPU
		{8D644FB1-0E6A-42D6-BE53-D71D0763145B}.Release|iPhone.ActiveCfg = Release|Any CPU
		{8D644FB1-0E6A-42D6-BE53-D71D0763145B}.Release|iPhone.Build.0 = Release|Any CPU
		{8D644FB1-0E6A-42D6-BE53-D71D0763145B}.Release|iPhoneSimulator.ActiveCfg = Release|Any CPU
		{8D644FB1-0E6A-42D6-BE53-D71D0763145B}.Release|iPhoneSimulator.Build.0 = Release|Any CPU
		{5EA4868B-96DC-4971-A091-694D56A507E1}.Ad-Hoc|Any CPU.ActiveCfg = Debug|Any CPU
		{5EA4868B-96DC-4971-A091-694D56A507E1}.Ad-Hoc|Any CPU.Build.0 = Debug|Any CPU
		{5EA4868B-96DC-4971-A091-694D56A507E1}.Ad-Hoc|iPhone.ActiveCfg = Debug|Any CPU
		{5EA4868B-96DC-4971-A091-694D56A507E1}.Ad-Hoc|iPhone.Build.0 = Debug|Any CPU
		{5EA4868B-96DC-4971-A091-694D56A507E1}.Ad-Hoc|iPhoneSimulator.ActiveCfg = Debug|Any CPU
		{5EA4868B-96DC-4971-A091-694D56A507E1}.Ad-Hoc|iPhoneSimulator.Build.0 = Debug|Any CPU
		{5EA4868B-96DC-4971-A091-694D56A507E1}.AppStore|Any CPU.ActiveCfg = Debug|Any CPU
		{5EA4868B-96DC-4971-A091-694D56A507E1}.AppStore|Any CPU.Build.0 = Debug|Any CPU
		{5EA4868B-96DC-4971-A091-694D56A507E1}.AppStore|iPhone.ActiveCfg = Debug|Any CPU
		{5EA4868B-96DC-4971-A091-694D56A507E1}.AppStore|iPhone.Build.0 = Debug|Any CPU
		{5EA4868B-96DC-4971-A091-694D56A507E1}.AppStore|iPhoneSimulator.ActiveCfg = Debug|Any CPU
		{5EA4868B-96DC-4971-A091-694D56A507E1}.AppStore|iPhoneSimulator.Build.0 = Debug|Any CPU
		{5EA4868B-96DC-4971-A091-694D56A507E1}.Debug|Any CPU.ActiveCfg = Debug|Any CPU
		{5EA4868B-96DC-4971-A091-694D56A507E1}.Debug|Any CPU.Build.0 = Debug|Any CPU
		{5EA4868B-96DC-4971-A091-694D56A507E1}.Debug|iPhone.ActiveCfg = Debug|Any CPU
		{5EA4868B-96DC-4971-A091-694D56A507E1}.Debug|iPhone.Build.0 = Debug|Any CPU
		{5EA4868B-96DC-4971-A091-694D56A507E1}.Debug|iPhoneSimulator.ActiveCfg = Debug|Any CPU
		{5EA4868B-96DC-4971-A091-694D56A507E1}.Debug|iPhoneSimulator.Build.0 = Debug|Any CPU
		{5EA4868B-96DC-4971-A091-694D56A507E1}.Release|Any CPU.ActiveCfg = Release|Any CPU
		{5EA4868B-96DC-4971-A091-694D56A507E1}.Release|Any CPU.Build.0 = Release|Any CPU
		{5EA4868B-96DC-4971-A091-694D56A507E1}.Release|iPhone.ActiveCfg = Release|Any CPU
		{5EA4868B-96DC-4971-A091-694D56A507E1}.Release|iPhone.Build.0 = Release|Any CPU
		{5EA4868B-96DC-4971-A091-694D56A507E1}.Release|iPhoneSimulator.ActiveCfg = Release|Any CPU
		{5EA4868B-96DC-4971-A091-694D56A507E1}.Release|iPhoneSimulator.Build.0 = Release|Any CPU
		{4554A745-7D95-439D-8A6B-CA4883938687}.Ad-Hoc|Any CPU.ActiveCfg = Debug|Any CPU
		{4554A745-7D95-439D-8A6B-CA4883938687}.Ad-Hoc|Any CPU.Build.0 = Debug|Any CPU
		{4554A745-7D95-439D-8A6B-CA4883938687}.Ad-Hoc|iPhone.ActiveCfg = Debug|Any CPU
		{4554A745-7D95-439D-8A6B-CA4883938687}.Ad-Hoc|iPhone.Build.0 = Debug|Any CPU
		{4554A745-7D95-439D-8A6B-CA4883938687}.Ad-Hoc|iPhoneSimulator.ActiveCfg = Debug|Any CPU
		{4554A745-7D95-439D-8A6B-CA4883938687}.Ad-Hoc|iPhoneSimulator.Build.0 = Debug|Any CPU
		{4554A745-7D95-439D-8A6B-CA4883938687}.AppStore|Any CPU.ActiveCfg = Debug|Any CPU
		{4554A745-7D95-439D-8A6B-CA4883938687}.AppStore|Any CPU.Build.0 = Debug|Any CPU
		{4554A745-7D95-439D-8A6B-CA4883938687}.AppStore|iPhone.ActiveCfg = Debug|Any CPU
		{4554A745-7D95-439D-8A6B-CA4883938687}.AppStore|iPhone.Build.0 = Debug|Any CPU
		{4554A745-7D95-439D-8A6B-CA4883938687}.AppStore|iPhoneSimulator.ActiveCfg = Debug|Any CPU
		{4554A745-7D95-439D-8A6B-CA4883938687}.AppStore|iPhoneSimulator.Build.0 = Debug|Any CPU
		{4554A745-7D95-439D-8A6B-CA4883938687}.Debug|Any CPU.ActiveCfg = Debug|Any CPU
		{4554A745-7D95-439D-8A6B-CA4883938687}.Debug|Any CPU.Build.0 = Debug|Any CPU
		{4554A745-7D95-439D-8A6B-CA4883938687}.Debug|iPhone.ActiveCfg = Debug|Any CPU
		{4554A745-7D95-439D-8A6B-CA4883938687}.Debug|iPhone.Build.0 = Debug|Any CPU
		{4554A745-7D95-439D-8A6B-CA4883938687}.Debug|iPhoneSimulator.ActiveCfg = Debug|Any CPU
		{4554A745-7D95-439D-8A6B-CA4883938687}.Debug|iPhoneSimulator.Build.0 = Debug|Any CPU
		{4554A745-7D95-439D-8A6B-CA4883938687}.Release|Any CPU.ActiveCfg = Release|Any CPU
		{4554A745-7D95-439D-8A6B-CA4883938687}.Release|Any CPU.Build.0 = Release|Any CPU
		{4554A745-7D95-439D-8A6B-CA4883938687}.Release|iPhone.ActiveCfg = Release|Any CPU
		{4554A745-7D95-439D-8A6B-CA4883938687}.Release|iPhone.Build.0 = Release|Any CPU
		{4554A745-7D95-439D-8A6B-CA4883938687}.Release|iPhoneSimulator.ActiveCfg = Release|Any CPU
		{4554A745-7D95-439D-8A6B-CA4883938687}.Release|iPhoneSimulator.Build.0 = Release|Any CPU
		{5A45E1AE-493B-4C38-B08C-7BBF30DBA048}.Ad-Hoc|Any CPU.ActiveCfg = Debug|Any CPU
		{5A45E1AE-493B-4C38-B08C-7BBF30DBA048}.Ad-Hoc|Any CPU.Build.0 = Debug|Any CPU
		{5A45E1AE-493B-4C38-B08C-7BBF30DBA048}.Ad-Hoc|iPhone.ActiveCfg = Debug|Any CPU
		{5A45E1AE-493B-4C38-B08C-7BBF30DBA048}.Ad-Hoc|iPhone.Build.0 = Debug|Any CPU
		{5A45E1AE-493B-4C38-B08C-7BBF30DBA048}.Ad-Hoc|iPhoneSimulator.ActiveCfg = Debug|Any CPU
		{5A45E1AE-493B-4C38-B08C-7BBF30DBA048}.Ad-Hoc|iPhoneSimulator.Build.0 = Debug|Any CPU
		{5A45E1AE-493B-4C38-B08C-7BBF30DBA048}.AppStore|Any CPU.ActiveCfg = Debug|Any CPU
		{5A45E1AE-493B-4C38-B08C-7BBF30DBA048}.AppStore|Any CPU.Build.0 = Debug|Any CPU
		{5A45E1AE-493B-4C38-B08C-7BBF30DBA048}.AppStore|iPhone.ActiveCfg = Debug|Any CPU
		{5A45E1AE-493B-4C38-B08C-7BBF30DBA048}.AppStore|iPhone.Build.0 = Debug|Any CPU
		{5A45E1AE-493B-4C38-B08C-7BBF30DBA048}.AppStore|iPhoneSimulator.ActiveCfg = Debug|Any CPU
		{5A45E1AE-493B-4C38-B08C-7BBF30DBA048}.AppStore|iPhoneSimulator.Build.0 = Debug|Any CPU
		{5A45E1AE-493B-4C38-B08C-7BBF30DBA048}.Debug|Any CPU.ActiveCfg = Debug|Any CPU
		{5A45E1AE-493B-4C38-B08C-7BBF30DBA048}.Debug|Any CPU.Build.0 = Debug|Any CPU
		{5A45E1AE-493B-4C38-B08C-7BBF30DBA048}.Debug|iPhone.ActiveCfg = Debug|Any CPU
		{5A45E1AE-493B-4C38-B08C-7BBF30DBA048}.Debug|iPhone.Build.0 = Debug|Any CPU
		{5A45E1AE-493B-4C38-B08C-7BBF30DBA048}.Debug|iPhoneSimulator.ActiveCfg = Debug|Any CPU
		{5A45E1AE-493B-4C38-B08C-7BBF30DBA048}.Debug|iPhoneSimulator.Build.0 = Debug|Any CPU
		{5A45E1AE-493B-4C38-B08C-7BBF30DBA048}.Release|Any CPU.ActiveCfg = Release|Any CPU
		{5A45E1AE-493B-4C38-B08C-7BBF30DBA048}.Release|Any CPU.Build.0 = Release|Any CPU
		{5A45E1AE-493B-4C38-B08C-7BBF30DBA048}.Release|iPhone.ActiveCfg = Release|Any CPU
		{5A45E1AE-493B-4C38-B08C-7BBF30DBA048}.Release|iPhone.Build.0 = Release|Any CPU
		{5A45E1AE-493B-4C38-B08C-7BBF30DBA048}.Release|iPhoneSimulator.ActiveCfg = Release|Any CPU
		{5A45E1AE-493B-4C38-B08C-7BBF30DBA048}.Release|iPhoneSimulator.Build.0 = Release|Any CPU
		{626D9F61-59BF-45AE-AFFB-5437BF86867D}.Ad-Hoc|Any CPU.ActiveCfg = Debug|Any CPU
		{626D9F61-59BF-45AE-AFFB-5437BF86867D}.Ad-Hoc|Any CPU.Build.0 = Debug|Any CPU
		{626D9F61-59BF-45AE-AFFB-5437BF86867D}.Ad-Hoc|iPhone.ActiveCfg = Debug|Any CPU
		{626D9F61-59BF-45AE-AFFB-5437BF86867D}.Ad-Hoc|iPhone.Build.0 = Debug|Any CPU
		{626D9F61-59BF-45AE-AFFB-5437BF86867D}.Ad-Hoc|iPhoneSimulator.ActiveCfg = Debug|Any CPU
		{626D9F61-59BF-45AE-AFFB-5437BF86867D}.Ad-Hoc|iPhoneSimulator.Build.0 = Debug|Any CPU
		{626D9F61-59BF-45AE-AFFB-5437BF86867D}.AppStore|Any CPU.ActiveCfg = Debug|Any CPU
		{626D9F61-59BF-45AE-AFFB-5437BF86867D}.AppStore|Any CPU.Build.0 = Debug|Any CPU
		{626D9F61-59BF-45AE-AFFB-5437BF86867D}.AppStore|iPhone.ActiveCfg = Debug|Any CPU
		{626D9F61-59BF-45AE-AFFB-5437BF86867D}.AppStore|iPhone.Build.0 = Debug|Any CPU
		{626D9F61-59BF-45AE-AFFB-5437BF86867D}.AppStore|iPhoneSimulator.ActiveCfg = Debug|Any CPU
		{626D9F61-59BF-45AE-AFFB-5437BF86867D}.AppStore|iPhoneSimulator.Build.0 = Debug|Any CPU
		{626D9F61-59BF-45AE-AFFB-5437BF86867D}.Debug|Any CPU.ActiveCfg = Debug|Any CPU
		{626D9F61-59BF-45AE-AFFB-5437BF86867D}.Debug|Any CPU.Build.0 = Debug|Any CPU
		{626D9F61-59BF-45AE-AFFB-5437BF86867D}.Debug|iPhone.ActiveCfg = Debug|Any CPU
		{626D9F61-59BF-45AE-AFFB-5437BF86867D}.Debug|iPhone.Build.0 = Debug|Any CPU
		{626D9F61-59BF-45AE-AFFB-5437BF86867D}.Debug|iPhoneSimulator.ActiveCfg = Debug|Any CPU
		{626D9F61-59BF-45AE-AFFB-5437BF86867D}.Debug|iPhoneSimulator.Build.0 = Debug|Any CPU
		{626D9F61-59BF-45AE-AFFB-5437BF86867D}.Release|Any CPU.ActiveCfg = Release|Any CPU
		{626D9F61-59BF-45AE-AFFB-5437BF86867D}.Release|Any CPU.Build.0 = Release|Any CPU
		{626D9F61-59BF-45AE-AFFB-5437BF86867D}.Release|iPhone.ActiveCfg = Release|Any CPU
		{626D9F61-59BF-45AE-AFFB-5437BF86867D}.Release|iPhone.Build.0 = Release|Any CPU
		{626D9F61-59BF-45AE-AFFB-5437BF86867D}.Release|iPhoneSimulator.ActiveCfg = Release|Any CPU
		{626D9F61-59BF-45AE-AFFB-5437BF86867D}.Release|iPhoneSimulator.Build.0 = Release|Any CPU
		{B15B4778-E460-480B-B9EB-74B7CA174AE1}.Ad-Hoc|Any CPU.ActiveCfg = Debug|Any CPU
		{B15B4778-E460-480B-B9EB-74B7CA174AE1}.Ad-Hoc|Any CPU.Build.0 = Debug|Any CPU
		{B15B4778-E460-480B-B9EB-74B7CA174AE1}.Ad-Hoc|iPhone.ActiveCfg = Debug|Any CPU
		{B15B4778-E460-480B-B9EB-74B7CA174AE1}.Ad-Hoc|iPhone.Build.0 = Debug|Any CPU
		{B15B4778-E460-480B-B9EB-74B7CA174AE1}.Ad-Hoc|iPhoneSimulator.ActiveCfg = Debug|Any CPU
		{B15B4778-E460-480B-B9EB-74B7CA174AE1}.Ad-Hoc|iPhoneSimulator.Build.0 = Debug|Any CPU
		{B15B4778-E460-480B-B9EB-74B7CA174AE1}.AppStore|Any CPU.ActiveCfg = Debug|Any CPU
		{B15B4778-E460-480B-B9EB-74B7CA174AE1}.AppStore|Any CPU.Build.0 = Debug|Any CPU
		{B15B4778-E460-480B-B9EB-74B7CA174AE1}.AppStore|iPhone.ActiveCfg = Debug|Any CPU
		{B15B4778-E460-480B-B9EB-74B7CA174AE1}.AppStore|iPhone.Build.0 = Debug|Any CPU
		{B15B4778-E460-480B-B9EB-74B7CA174AE1}.AppStore|iPhoneSimulator.ActiveCfg = Debug|Any CPU
		{B15B4778-E460-480B-B9EB-74B7CA174AE1}.AppStore|iPhoneSimulator.Build.0 = Debug|Any CPU
		{B15B4778-E460-480B-B9EB-74B7CA174AE1}.Debug|Any CPU.ActiveCfg = Debug|Any CPU
		{B15B4778-E460-480B-B9EB-74B7CA174AE1}.Debug|Any CPU.Build.0 = Debug|Any CPU
		{B15B4778-E460-480B-B9EB-74B7CA174AE1}.Debug|iPhone.ActiveCfg = Debug|Any CPU
		{B15B4778-E460-480B-B9EB-74B7CA174AE1}.Debug|iPhone.Build.0 = Debug|Any CPU
		{B15B4778-E460-480B-B9EB-74B7CA174AE1}.Debug|iPhoneSimulator.ActiveCfg = Debug|Any CPU
		{B15B4778-E460-480B-B9EB-74B7CA174AE1}.Debug|iPhoneSimulator.Build.0 = Debug|Any CPU
		{B15B4778-E460-480B-B9EB-74B7CA174AE1}.Release|Any CPU.ActiveCfg = Release|Any CPU
		{B15B4778-E460-480B-B9EB-74B7CA174AE1}.Release|Any CPU.Build.0 = Release|Any CPU
		{B15B4778-E460-480B-B9EB-74B7CA174AE1}.Release|iPhone.ActiveCfg = Release|Any CPU
		{B15B4778-E460-480B-B9EB-74B7CA174AE1}.Release|iPhone.Build.0 = Release|Any CPU
		{B15B4778-E460-480B-B9EB-74B7CA174AE1}.Release|iPhoneSimulator.ActiveCfg = Release|Any CPU
		{B15B4778-E460-480B-B9EB-74B7CA174AE1}.Release|iPhoneSimulator.Build.0 = Release|Any CPU
	EndGlobalSection
	GlobalSection(SolutionProperties) = preSolution
		HideSolutionNode = FALSE
	EndGlobalSection
	GlobalSection(NestedProjects) = preSolution
		{F6840E5F-DA11-4E0E-AA24-DF3294EF4EFF} = {80B3178F-9142-4A8F-A95C-32ACF7088447}
		{D560DC79-3B67-4CC8-A751-13F6ED9A0D1E} = {80B3178F-9142-4A8F-A95C-32ACF7088447}
		{E49BCF46-4129-4FAB-9BE6-20CB2E8E1C00} = {80B3178F-9142-4A8F-A95C-32ACF7088447}
		{775980BB-CF39-46F1-B772-0108A73C322D} = {80B3178F-9142-4A8F-A95C-32ACF7088447}
		{06382DCB-88BD-484D-940C-6DCA89152A68} = {DC38AA29-06A6-473B-A68D-C5822C9598F6}
		{F7FC1900-A6E3-40AF-954C-90E303F6CC71} = {DC38AA29-06A6-473B-A68D-C5822C9598F6}
		{8D644FB1-0E6A-42D6-BE53-D71D0763145B} = {DC38AA29-06A6-473B-A68D-C5822C9598F6}
		{5EA4868B-96DC-4971-A091-694D56A507E1} = {DC38AA29-06A6-473B-A68D-C5822C9598F6}
		{4554A745-7D95-439D-8A6B-CA4883938687} = {9BD8CCCA-34F4-4E41-BF3C-73523594F8FA}
		{5A45E1AE-493B-4C38-B08C-7BBF30DBA048} = {9BD8CCCA-34F4-4E41-BF3C-73523594F8FA}
		{626D9F61-59BF-45AE-AFFB-5437BF86867D} = {9BD8CCCA-34F4-4E41-BF3C-73523594F8FA}
		{86C5B437-3C18-4370-92C5-BD60499475C5} = {80B3178F-9142-4A8F-A95C-32ACF7088447}
		{B15B4778-E460-480B-B9EB-74B7CA174AE1} = {DC38AA29-06A6-473B-A68D-C5822C9598F6}
	EndGlobalSection
	GlobalSection(ExtensibilityGlobals) = postSolution
		SolutionGuid = {6DF2028F-1716-42AC-9872-A6F98E762817}
	EndGlobalSection
EndGlobal
